
Microsoft Visual Studio Solution File, Format Version 12.00
# Visual Studio Version 17
VisualStudioVersion = 17.3.32901.215
MinimumVisualStudioVersion = 10.0.40219.1
Project("{FAE04EC0-301F-11D3-BF4B-00C04F79EFBC}") = "Entities", "Entities\Entities.csproj", "{A9897AF1-CE9D-47AC-8A1F-6C6036AE8D6A}"
EndProject
Project("{FAE04EC0-301F-11D3-BF4B-00C04F79EFBC}") = "DataAccess", "DataAccess\DataAccess.csproj", "{AA1CA7B1-283A-42BB-916D-D3708C17CC1D}"
EndProject
Project("{FAE04EC0-301F-11D3-BF4B-00C04F79EFBC}") = "Business", "Business\Business.csproj", "{6821F46E-AFEE-46E5-B54F-B5AC6BE1FF14}"
EndProject
Project("{FAE04EC0-301F-11D3-BF4B-00C04F79EFBC}") = "Console", "Console\Console.csproj", "{25985EC5-8BBD-4770-A2AC-48F81EFC3C86}"
EndProject
Global
	GlobalSection(SolutionConfigurationPlatforms) = preSolution
		Debug|Any CPU = Debug|Any CPU
		Release|Any CPU = Release|Any CPU
	EndGlobalSection
	GlobalSection(ProjectConfigurationPlatforms) = postSolution
		{A9897AF1-CE9D-47AC-8A1F-6C6036AE8D6A}.Debug|Any CPU.ActiveCfg = Debug|Any CPU
		{A9897AF1-CE9D-47AC-8A1F-6C6036AE8D6A}.Debug|Any CPU.Build.0 = Debug|Any CPU
		{A9897AF1-CE9D-47AC-8A1F-6C6036AE8D6A}.Release|Any CPU.ActiveCfg = Release|Any CPU
		{A9897AF1-CE9D-47AC-8A1F-6C6036AE8D6A}.Release|Any CPU.Build.0 = Release|Any CPU
		{AA1CA7B1-283A-42BB-916D-D3708C17CC1D}.Debug|Any CPU.ActiveCfg = Debug|Any CPU
		{AA1CA7B1-283A-42BB-916D-D3708C17CC1D}.Debug|Any CPU.Build.0 = Debug|Any CPU
		{AA1CA7B1-283A-42BB-916D-D3708C17CC1D}.Release|Any CPU.ActiveCfg = Release|Any CPU
		{AA1CA7B1-283A-42BB-916D-D3708C17CC1D}.Release|Any CPU.Build.0 = Release|Any CPU
		{6821F46E-AFEE-46E5-B54F-B5AC6BE1FF14}.Debug|Any CPU.ActiveCfg = Debug|Any CPU
		{6821F46E-AFEE-46E5-B54F-B5AC6BE1FF14}.Debug|Any CPU.Build.0 = Debug|Any CPU
		{6821F46E-AFEE-46E5-B54F-B5AC6BE1FF14}.Release|Any CPU.ActiveCfg = Release|Any CPU
		{6821F46E-AFEE-46E5-B54F-B5AC6BE1FF14}.Release|Any CPU.Build.0 = Release|Any CPU
		{25985EC5-8BBD-4770-A2AC-48F81EFC3C86}.Debug|Any CPU.ActiveCfg = Debug|Any CPU
		{25985EC5-8BBD-4770-A2AC-48F81EFC3C86}.Debug|Any CPU.Build.0 = Debug|Any CPU
		{25985EC5-8BBD-4770-A2AC-48F81EFC3C86}.Release|Any CPU.ActiveCfg = Release|Any CPU
		{25985EC5-8BBD-4770-A2AC-48F81EFC3C86}.Release|Any CPU.Build.0 = Release|Any CPU
	EndGlobalSection
	GlobalSection(SolutionProperties) = preSolution
		HideSolutionNode = FALSE
	EndGlobalSection
	GlobalSection(ExtensibilityGlobals) = postSolution
		SolutionGuid = {C801F9A4-7C1D-453B-86DE-5567C5F9157E}
	EndGlobalSection
EndGlobal
